
Microsoft Visual Studio Solution File, Format Version 12.00
# Visual Studio Version 17
VisualStudioVersion = 17.0.31903.59
MinimumVisualStudioVersion = 10.0.40219.1
Project("{FAE04EC0-301F-11D3-BF4B-00C04F79EFBC}") = "student-grades", "student-grades\student-grades.csproj", "{78796CB1-7343-4E06-BA0B-94EC81F6FC5D}"
EndProject
Global
	GlobalSection(SolutionConfigurationPlatforms) = preSolution
		Debug|Any CPU = Debug|Any CPU
		Release|Any CPU = Release|Any CPU
	EndGlobalSection
	GlobalSection(ProjectConfigurationPlatforms) = postSolution
		{78796CB1-7343-4E06-BA0B-94EC81F6FC5D}.Debug|Any CPU.ActiveCfg = Debug|Any CPU
		{78796CB1-7343-4E06-BA0B-94EC81F6FC5D}.Debug|Any CPU.Build.0 = Debug|Any CPU
		{78796CB1-7343-4E06-BA0B-94EC81F6FC5D}.Release|Any CPU.ActiveCfg = Release|Any CPU
		{78796CB1-7343-4E06-BA0B-94EC81F6FC5D}.Release|Any CPU.Build.0 = Release|Any CPU
	EndGlobalSection
	GlobalSection(SolutionProperties) = preSolution
		HideSolutionNode = FALSE
	EndGlobalSection
EndGlobal
