
Microsoft Visual Studio Solution File, Format Version 12.00
# Visual Studio Version 17
VisualStudioVersion = 17.5.002.0
MinimumVisualStudioVersion = 10.0.40219.1
Project("{2150E333-8FDC-42A3-9474-1A3956D46DE8}") = "GuidedProject", "GuidedProject", "{43DAF915-7269-46C6-81D7-2FD95676FB1F}"
EndProject
Project("{9A19103F-16F7-4668-BE54-9A1E7A4F7556}") = "Starter", "GuidedProject\Starter\Starter.csproj", "{BFE83FAC-24FE-46D9-AC53-C01685259D2E}"
EndProject
Project("{9A19103F-16F7-4668-BE54-9A1E7A4F7556}") = "Final", "GuidedProject\Final\Final.csproj", "{BCDD6E63-1187-4F7D-91EB-D182A42049BD}"
EndProject
Global
	GlobalSection(SolutionConfigurationPlatforms) = preSolution
		Debug|Any CPU = Debug|Any CPU
		Release|Any CPU = Release|Any CPU
	EndGlobalSection
	GlobalSection(ProjectConfigurationPlatforms) = postSolution
		{BFE83FAC-24FE-46D9-AC53-C01685259D2E}.Debug|Any CPU.ActiveCfg = Debug|Any CPU
		{BFE83FAC-24FE-46D9-AC53-C01685259D2E}.Debug|Any CPU.Build.0 = Debug|Any CPU
		{BFE83FAC-24FE-46D9-AC53-C01685259D2E}.Release|Any CPU.ActiveCfg = Release|Any CPU
		{BFE83FAC-24FE-46D9-AC53-C01685259D2E}.Release|Any CPU.Build.0 = Release|Any CPU
		{BCDD6E63-1187-4F7D-91EB-D182A42049BD}.Debug|Any CPU.ActiveCfg = Debug|Any CPU
		{BCDD6E63-1187-4F7D-91EB-D182A42049BD}.Debug|Any CPU.Build.0 = Debug|Any CPU
		{BCDD6E63-1187-4F7D-91EB-D182A42049BD}.Release|Any CPU.ActiveCfg = Release|Any CPU
		{BCDD6E63-1187-4F7D-91EB-D182A42049BD}.Release|Any CPU.Build.0 = Release|Any CPU
	EndGlobalSection
	GlobalSection(SolutionProperties) = preSolution
		HideSolutionNode = FALSE
	EndGlobalSection
	GlobalSection(NestedProjects) = preSolution
		{BFE83FAC-24FE-46D9-AC53-C01685259D2E} = {43DAF915-7269-46C6-81D7-2FD95676FB1F}
		{BCDD6E63-1187-4F7D-91EB-D182A42049BD} = {43DAF915-7269-46C6-81D7-2FD95676FB1F}
	EndGlobalSection
	GlobalSection(ExtensibilityGlobals) = postSolution
		SolutionGuid = {60DF3D8F-E615-4BD5-A7FF-0D0740025344}
	EndGlobalSection
EndGlobal
